
Microsoft Visual Studio Solution File, Format Version 12.00
# Visual Studio Version 17
VisualStudioVersion = 17.4.33213.308
MinimumVisualStudioVersion = 10.0.40219.1
Project("{9A19103F-16F7-4668-BE54-9A1E7A4F7556}") = "HomeBudget_TeamNull_WPF", "HomeBudget_TeamNull_WPF\HomeBudget_TeamNull_WPF.csproj", "{C111FDFD-38F0-4888-935E-6879EC65C2FF}"
EndProject
Project("{9A19103F-16F7-4668-BE54-9A1E7A4F7556}") = "TestPresenter", "TestPresenter\TestPresenter.csproj", "{1EBEBD5E-724C-468A-84F8-B0CD7B84150E}"
EndProject
Project("{C7167F0D-BC9F-4E6E-AFE1-012C56B48DB5}") = "Installer", "Installer\Installer.wapproj", "{0D667278-1B3F-4034-A615-A71F903F22C9}"
EndProject
Global
	GlobalSection(SolutionConfigurationPlatforms) = preSolution
		Debug|Any CPU = Debug|Any CPU
		Debug|ARM = Debug|ARM
		Debug|ARM64 = Debug|ARM64
		Debug|x64 = Debug|x64
		Debug|x86 = Debug|x86
		Release|Any CPU = Release|Any CPU
		Release|ARM = Release|ARM
		Release|ARM64 = Release|ARM64
		Release|x64 = Release|x64
		Release|x86 = Release|x86
	EndGlobalSection
	GlobalSection(ProjectConfigurationPlatforms) = postSolution
		{C111FDFD-38F0-4888-935E-6879EC65C2FF}.Debug|Any CPU.ActiveCfg = Debug|x64
		{C111FDFD-38F0-4888-935E-6879EC65C2FF}.Debug|Any CPU.Build.0 = Debug|x64
		{C111FDFD-38F0-4888-935E-6879EC65C2FF}.Debug|ARM.ActiveCfg = Debug|Any CPU
		{C111FDFD-38F0-4888-935E-6879EC65C2FF}.Debug|ARM.Build.0 = Debug|Any CPU
		{C111FDFD-38F0-4888-935E-6879EC65C2FF}.Debug|ARM64.ActiveCfg = Debug|Any CPU
		{C111FDFD-38F0-4888-935E-6879EC65C2FF}.Debug|ARM64.Build.0 = Debug|Any CPU
		{C111FDFD-38F0-4888-935E-6879EC65C2FF}.Debug|x64.ActiveCfg = Debug|Any CPU
		{C111FDFD-38F0-4888-935E-6879EC65C2FF}.Debug|x64.Build.0 = Debug|Any CPU
		{C111FDFD-38F0-4888-935E-6879EC65C2FF}.Debug|x86.ActiveCfg = Debug|Any CPU
		{C111FDFD-38F0-4888-935E-6879EC65C2FF}.Debug|x86.Build.0 = Debug|Any CPU
		{C111FDFD-38F0-4888-935E-6879EC65C2FF}.Release|Any CPU.ActiveCfg = Release|Any CPU
		{C111FDFD-38F0-4888-935E-6879EC65C2FF}.Release|Any CPU.Build.0 = Release|Any CPU
		{C111FDFD-38F0-4888-935E-6879EC65C2FF}.Release|ARM.ActiveCfg = Release|Any CPU
		{C111FDFD-38F0-4888-935E-6879EC65C2FF}.Release|ARM.Build.0 = Release|Any CPU
		{C111FDFD-38F0-4888-935E-6879EC65C2FF}.Release|ARM64.ActiveCfg = Release|Any CPU
		{C111FDFD-38F0-4888-935E-6879EC65C2FF}.Release|ARM64.Build.0 = Release|Any CPU
		{C111FDFD-38F0-4888-935E-6879EC65C2FF}.Release|x64.ActiveCfg = Release|x64
		{C111FDFD-38F0-4888-935E-6879EC65C2FF}.Release|x64.Build.0 = Release|x64
		{C111FDFD-38F0-4888-935E-6879EC65C2FF}.Release|x86.ActiveCfg = Release|x86
		{C111FDFD-38F0-4888-935E-6879EC65C2FF}.Release|x86.Build.0 = Release|x86
		{1EBEBD5E-724C-468A-84F8-B0CD7B84150E}.Debug|Any CPU.ActiveCfg = Release|Any CPU
		{1EBEBD5E-724C-468A-84F8-B0CD7B84150E}.Debug|Any CPU.Build.0 = Release|Any CPU
		{1EBEBD5E-724C-468A-84F8-B0CD7B84150E}.Debug|ARM.ActiveCfg = Debug|Any CPU
		{1EBEBD5E-724C-468A-84F8-B0CD7B84150E}.Debug|ARM.Build.0 = Debug|Any CPU
		{1EBEBD5E-724C-468A-84F8-B0CD7B84150E}.Debug|ARM64.ActiveCfg = Debug|Any CPU
		{1EBEBD5E-724C-468A-84F8-B0CD7B84150E}.Debug|ARM64.Build.0 = Debug|Any CPU
		{1EBEBD5E-724C-468A-84F8-B0CD7B84150E}.Debug|x64.ActiveCfg = Debug|Any CPU
		{1EBEBD5E-724C-468A-84F8-B0CD7B84150E}.Debug|x64.Build.0 = Debug|Any CPU
		{1EBEBD5E-724C-468A-84F8-B0CD7B84150E}.Debug|x86.ActiveCfg = Debug|Any CPU
		{1EBEBD5E-724C-468A-84F8-B0CD7B84150E}.Debug|x86.Build.0 = Debug|Any CPU
		{1EBEBD5E-724C-468A-84F8-B0CD7B84150E}.Release|Any CPU.ActiveCfg = Release|Any CPU
		{1EBEBD5E-724C-468A-84F8-B0CD7B84150E}.Release|Any CPU.Build.0 = Release|Any CPU
		{1EBEBD5E-724C-468A-84F8-B0CD7B84150E}.Release|ARM.ActiveCfg = Release|Any CPU
		{1EBEBD5E-724C-468A-84F8-B0CD7B84150E}.Release|ARM.Build.0 = Release|Any CPU
		{1EBEBD5E-724C-468A-84F8-B0CD7B84150E}.Release|ARM64.ActiveCfg = Release|Any CPU
		{1EBEBD5E-724C-468A-84F8-B0CD7B84150E}.Release|ARM64.Build.0 = Release|Any CPU
		{1EBEBD5E-724C-468A-84F8-B0CD7B84150E}.Release|x64.ActiveCfg = Release|x64
		{1EBEBD5E-724C-468A-84F8-B0CD7B84150E}.Release|x64.Build.0 = Release|x64
		{1EBEBD5E-724C-468A-84F8-B0CD7B84150E}.Release|x86.ActiveCfg = Release|x86
		{1EBEBD5E-724C-468A-84F8-B0CD7B84150E}.Release|x86.Build.0 = Release|x86
		{0D667278-1B3F-4034-A615-A71F903F22C9}.Debug|Any CPU.ActiveCfg = Release|Any CPU
		{0D667278-1B3F-4034-A615-A71F903F22C9}.Debug|Any CPU.Build.0 = Release|Any CPU
		{0D667278-1B3F-4034-A615-A71F903F22C9}.Debug|Any CPU.Deploy.0 = Release|Any CPU
		{0D667278-1B3F-4034-A615-A71F903F22C9}.Debug|ARM.ActiveCfg = Debug|ARM
		{0D667278-1B3F-4034-A615-A71F903F22C9}.Debug|ARM.Build.0 = Debug|ARM
		{0D667278-1B3F-4034-A615-A71F903F22C9}.Debug|ARM.Deploy.0 = Debug|ARM
		{0D667278-1B3F-4034-A615-A71F903F22C9}.Debug|ARM64.ActiveCfg = Debug|ARM64
		{0D667278-1B3F-4034-A615-A71F903F22C9}.Debug|ARM64.Build.0 = Debug|ARM64
		{0D667278-1B3F-4034-A615-A71F903F22C9}.Debug|ARM64.Deploy.0 = Debug|ARM64
		{0D667278-1B3F-4034-A615-A71F903F22C9}.Debug|x64.ActiveCfg = Debug|x64
		{0D667278-1B3F-4034-A615-A71F903F22C9}.Debug|x64.Build.0 = Debug|x64
		{0D667278-1B3F-4034-A615-A71F903F22C9}.Debug|x64.Deploy.0 = Debug|x64
		{0D667278-1B3F-4034-A615-A71F903F22C9}.Debug|x86.ActiveCfg = Debug|x86
		{0D667278-1B3F-4034-A615-A71F903F22C9}.Debug|x86.Build.0 = Debug|x86
		{0D667278-1B3F-4034-A615-A71F903F22C9}.Debug|x86.Deploy.0 = Debug|x86
		{0D667278-1B3F-4034-A615-A71F903F22C9}.Release|Any CPU.ActiveCfg = Release|Any CPU
		{0D667278-1B3F-4034-A615-A71F903F22C9}.Release|Any CPU.Build.0 = Release|Any CPU
		{0D667278-1B3F-4034-A615-A71F903F22C9}.Release|Any CPU.Deploy.0 = Release|Any CPU
		{0D667278-1B3F-4034-A615-A71F903F22C9}.Release|ARM.ActiveCfg = Release|ARM
		{0D667278-1B3F-4034-A615-A71F903F22C9}.Release|ARM.Build.0 = Release|ARM
		{0D667278-1B3F-4034-A615-A71F903F22C9}.Release|ARM.Deploy.0 = Release|ARM
		{0D667278-1B3F-4034-A615-A71F903F22C9}.Release|ARM64.ActiveCfg = Release|ARM64
		{0D667278-1B3F-4034-A615-A71F903F22C9}.Release|ARM64.Build.0 = Release|ARM64
		{0D667278-1B3F-4034-A615-A71F903F22C9}.Release|ARM64.Deploy.0 = Release|ARM64
		{0D667278-1B3F-4034-A615-A71F903F22C9}.Release|x64.ActiveCfg = Release|x64
		{0D667278-1B3F-4034-A615-A71F903F22C9}.Release|x64.Build.0 = Release|x64
		{0D667278-1B3F-4034-A615-A71F903F22C9}.Release|x64.Deploy.0 = Release|x64
		{0D667278-1B3F-4034-A615-A71F903F22C9}.Release|x86.ActiveCfg = Release|x86
		{0D667278-1B3F-4034-A615-A71F903F22C9}.Release|x86.Build.0 = Release|x86
		{0D667278-1B3F-4034-A615-A71F903F22C9}.Release|x86.Deploy.0 = Release|x86
	EndGlobalSection
	GlobalSection(SolutionProperties) = preSolution
		HideSolutionNode = FALSE
	EndGlobalSection
	GlobalSection(ExtensibilityGlobals) = postSolution
		SolutionGuid = {D50A70EC-933F-4AD2-9B9D-3DD695857811}
	EndGlobalSection
EndGlobal
